// !$*UTF8*$!
{
	archiveVersion = 1;
	classes = {
	};
	objectVersion = 46;
	objects = {

/* Begin PBXBuildFile section */
		9B1F6DD51E946D5A0016DCA8 /* AppDelegate.swift in Sources */ = {isa = PBXBuildFile; fileRef = 9B1F6DD41E946D5A0016DCA8 /* AppDelegate.swift */; };
		9B1F6DD71E946D5A0016DCA8 /* ViewController.swift in Sources */ = {isa = PBXBuildFile; fileRef = 9B1F6DD61E946D5A0016DCA8 /* ViewController.swift */; };
		9B1F6DDA1E946D5B0016DCA8 /* Main.storyboard in Resources */ = {isa = PBXBuildFile; fileRef = 9B1F6DD81E946D5B0016DCA8 /* Main.storyboard */; };
		9B1F6DDC1E946D5B0016DCA8 /* Assets.xcassets in Resources */ = {isa = PBXBuildFile; fileRef = 9B1F6DDB1E946D5B0016DCA8 /* Assets.xcassets */; };
		9B1F6DDF1E946D5B0016DCA8 /* LaunchScreen.storyboard in Resources */ = {isa = PBXBuildFile; fileRef = 9B1F6DDD1E946D5B0016DCA8 /* LaunchScreen.storyboard */; };
		9B1F6DE81E946DDC0016DCA8 /* Model.xcdatamodeld in Sources */ = {isa = PBXBuildFile; fileRef = 9B1F6DE61E946DDC0016DCA8 /* Model.xcdatamodeld */; };
		9B39B48F1E96C7E400ADEA28 /* CoreDataStack.swift in Sources */ = {isa = PBXBuildFile; fileRef = 9B39B48E1E96C7E400ADEA28 /* CoreDataStack.swift */; };
		9B39B4AA1E96DB1900ADEA28 /* Notebook+CoreDataClass.swift in Sources */ = {isa = PBXBuildFile; fileRef = 9B39B4A61E96DB1900ADEA28 /* Notebook+CoreDataClass.swift */; };
		9B39B4AB1E96DB1900ADEA28 /* Notebook+CoreDataProperties.swift in Sources */ = {isa = PBXBuildFile; fileRef = 9B39B4A71E96DB1900ADEA28 /* Notebook+CoreDataProperties.swift */; };
		9B39B4AC1E96DB1900ADEA28 /* Note+CoreDataClass.swift in Sources */ = {isa = PBXBuildFile; fileRef = 9B39B4A81E96DB1900ADEA28 /* Note+CoreDataClass.swift */; };
		9B39B4AD1E96DB1900ADEA28 /* Note+CoreDataProperties.swift in Sources */ = {isa = PBXBuildFile; fileRef = 9B39B4A91E96DB1900ADEA28 /* Note+CoreDataProperties.swift */; };
		9BA5664D1E97B6DD000376ED /* CoreDataTableViewController.swift in Sources */ = {isa = PBXBuildFile; fileRef = 9BA5664C1E97B6DD000376ED /* CoreDataTableViewController.swift */; };
		9BA5664F1E97C3F2000376ED /* NotebooksViewController.swift in Sources */ = {isa = PBXBuildFile; fileRef = 9BA5664E1E97C3F2000376ED /* NotebooksViewController.swift */; };
		9BA566511E980AE6000376ED /* NotesViewController.swift in Sources */ = {isa = PBXBuildFile; fileRef = 9BA566501E980AE6000376ED /* NotesViewController.swift */; };
/* End PBXBuildFile section */

/* Begin PBXFileReference section */
		9B1F6DD11E946D5A0016DCA8 /* CoolNotes.app */ = {isa = PBXFileReference; explicitFileType = wrapper.application; includeInIndex = 0; path = CoolNotes.app; sourceTree = BUILT_PRODUCTS_DIR; };
		9B1F6DD41E946D5A0016DCA8 /* AppDelegate.swift */ = {isa = PBXFileReference; lastKnownFileType = sourcecode.swift; path = AppDelegate.swift; sourceTree = "<group>"; };
		9B1F6DD61E946D5A0016DCA8 /* ViewController.swift */ = {isa = PBXFileReference; lastKnownFileType = sourcecode.swift; path = ViewController.swift; sourceTree = "<group>"; };
		9B1F6DD91E946D5B0016DCA8 /* Base */ = {isa = PBXFileReference; lastKnownFileType = file.storyboard; name = Base; path = Base.lproj/Main.storyboard; sourceTree = "<group>"; };
		9B1F6DDB1E946D5B0016DCA8 /* Assets.xcassets */ = {isa = PBXFileReference; lastKnownFileType = folder.assetcatalog; path = Assets.xcassets; sourceTree = "<group>"; };
		9B1F6DDE1E946D5B0016DCA8 /* Base */ = {isa = PBXFileReference; lastKnownFileType = file.storyboard; name = Base; path = Base.lproj/LaunchScreen.storyboard; sourceTree = "<group>"; };
		9B1F6DE01E946D5B0016DCA8 /* Info.plist */ = {isa = PBXFileReference; lastKnownFileType = text.plist.xml; path = Info.plist; sourceTree = "<group>"; };
		9B1F6DE71E946DDC0016DCA8 /* Model.xcdatamodel */ = {isa = PBXFileReference; lastKnownFileType = wrapper.xcdatamodel; path = Model.xcdatamodel; sourceTree = "<group>"; };
		9B39B48E1E96C7E400ADEA28 /* CoreDataStack.swift */ = {isa = PBXFileReference; fileEncoding = 4; lastKnownFileType = sourcecode.swift; name = CoreDataStack.swift; path = "../../../Downloads/ios-nd-persistence-swift-3 2/CoolNotes/03-CoreDataStackFile/CoreDataStack.swift"; sourceTree = "<group>"; };
		9B39B4A61E96DB1900ADEA28 /* Notebook+CoreDataClass.swift */ = {isa = PBXFileReference; fileEncoding = 4; lastKnownFileType = sourcecode.swift; name = "Notebook+CoreDataClass.swift"; path = "../Notebook+CoreDataClass.swift"; sourceTree = "<group>"; };
		9B39B4A71E96DB1900ADEA28 /* Notebook+CoreDataProperties.swift */ = {isa = PBXFileReference; fileEncoding = 4; lastKnownFileType = sourcecode.swift; name = "Notebook+CoreDataProperties.swift"; path = "../Notebook+CoreDataProperties.swift"; sourceTree = "<group>"; };
		9B39B4A81E96DB1900ADEA28 /* Note+CoreDataClass.swift */ = {isa = PBXFileReference; fileEncoding = 4; lastKnownFileType = sourcecode.swift; name = "Note+CoreDataClass.swift"; path = "../Note+CoreDataClass.swift"; sourceTree = "<group>"; };
		9B39B4A91E96DB1900ADEA28 /* Note+CoreDataProperties.swift */ = {isa = PBXFileReference; fileEncoding = 4; lastKnownFileType = sourcecode.swift; name = "Note+CoreDataProperties.swift"; path = "../Note+CoreDataProperties.swift"; sourceTree = "<group>"; };
		9BA5664C1E97B6DD000376ED /* CoreDataTableViewController.swift */ = {isa = PBXFileReference; fileEncoding = 4; lastKnownFileType = sourcecode.swift; path = CoreDataTableViewController.swift; sourceTree = "<group>"; };
		9BA5664E1E97C3F2000376ED /* NotebooksViewController.swift */ = {isa = PBXFileReference; fileEncoding = 4; lastKnownFileType = sourcecode.swift; path = NotebooksViewController.swift; sourceTree = "<group>"; };
		9BA566501E980AE6000376ED /* NotesViewController.swift */ = {isa = PBXFileReference; fileEncoding = 4; lastKnownFileType = sourcecode.swift; path = NotesViewController.swift; sourceTree = "<group>"; };
/* End PBXFileReference section */

/* Begin PBXFrameworksBuildPhase section */
		9B1F6DCE1E946D5A0016DCA8 /* Frameworks */ = {
			isa = PBXFrameworksBuildPhase;
			buildActionMask = 2147483647;
			files = (
			);
			runOnlyForDeploymentPostprocessing = 0;
		};
/* End PBXFrameworksBuildPhase section */

/* Begin PBXGroup section */
		9B1F6DC81E946D5A0016DCA8 = {
			isa = PBXGroup;
			children = (
				9B1F6DD31E946D5A0016DCA8 /* CoolNotes */,
				9B1F6DD21E946D5A0016DCA8 /* Products */,
			);
			sourceTree = "<group>";
		};
		9B1F6DD21E946D5A0016DCA8 /* Products */ = {
			isa = PBXGroup;
			children = (
				9B1F6DD11E946D5A0016DCA8 /* CoolNotes.app */,
			);
			name = Products;
			sourceTree = "<group>";
		};
		9B1F6DD31E946D5A0016DCA8 /* CoolNotes */ = {
			isa = PBXGroup;
			children = (
				9BA566501E980AE6000376ED /* NotesViewController.swift */,
				9BA5664E1E97C3F2000376ED /* NotebooksViewController.swift */,
				9BA5664C1E97B6DD000376ED /* CoreDataTableViewController.swift */,
				9B1F6DD41E946D5A0016DCA8 /* AppDelegate.swift */,
				9B1F6DD61E946D5A0016DCA8 /* ViewController.swift */,
				9B39B4911E96C85300ADEA28 /* Supporting Files */,
				9B39B4901E96C80F00ADEA28 /* Assets */,
				9B39B48D1E96C7A800ADEA28 /* Models */,
			);
			path = CoolNotes;
			sourceTree = "<group>";
		};
		9B39B48D1E96C7A800ADEA28 /* Models */ = {
			isa = PBXGroup;
			children = (
				9B39B4A61E96DB1900ADEA28 /* Notebook+CoreDataClass.swift */,
				9B39B4A71E96DB1900ADEA28 /* Notebook+CoreDataProperties.swift */,
				9B39B4A81E96DB1900ADEA28 /* Note+CoreDataClass.swift */,
				9B39B4A91E96DB1900ADEA28 /* Note+CoreDataProperties.swift */,
				9B1F6DE61E946DDC0016DCA8 /* Model.xcdatamodeld */,
				9B39B48E1E96C7E400ADEA28 /* CoreDataStack.swift */,
			);
			name = Models;
			sourceTree = "<group>";
		};
		9B39B4901E96C80F00ADEA28 /* Assets */ = {
			isa = PBXGroup;
			children = (
				9B1F6DD81E946D5B0016DCA8 /* Main.storyboard */,
				9B1F6DDB1E946D5B0016DCA8 /* Assets.xcassets */,
				9B1F6DDD1E946D5B0016DCA8 /* LaunchScreen.storyboard */,
			);
			name = Assets;
			sourceTree = "<group>";
		};
		9B39B4911E96C85300ADEA28 /* Supporting Files */ = {
			isa = PBXGroup;
			children = (
				9B1F6DE01E946D5B0016DCA8 /* Info.plist */,
			);
			name = "Supporting Files";
			sourceTree = "<group>";
		};
/* End PBXGroup section */

/* Begin PBXNativeTarget section */
		9B1F6DD01E946D5A0016DCA8 /* CoolNotes */ = {
			isa = PBXNativeTarget;
			buildConfigurationList = 9B1F6DE31E946D5B0016DCA8 /* Build configuration list for PBXNativeTarget "CoolNotes" */;
			buildPhases = (
				9B1F6DCD1E946D5A0016DCA8 /* Sources */,
				9B1F6DCE1E946D5A0016DCA8 /* Frameworks */,
				9B1F6DCF1E946D5A0016DCA8 /* Resources */,
			);
			buildRules = (
			);
			dependencies = (
			);
			name = CoolNotes;
			productName = CoolNotes;
			productReference = 9B1F6DD11E946D5A0016DCA8 /* CoolNotes.app */;
			productType = "com.apple.product-type.application";
		};
/* End PBXNativeTarget section */

/* Begin PBXProject section */
		9B1F6DC91E946D5A0016DCA8 /* Project object */ = {
			isa = PBXProject;
			attributes = {
				LastSwiftUpdateCheck = 0830;
				LastUpgradeCheck = 0830;
				ORGANIZATIONNAME = "Kevin Reese";
				TargetAttributes = {
					9B1F6DD01E946D5A0016DCA8 = {
						CreatedOnToolsVersion = 8.3;
						DevelopmentTeam = P2H472GCNB;
						ProvisioningStyle = Automatic;
					};
				};
			};
			buildConfigurationList = 9B1F6DCC1E946D5A0016DCA8 /* Build configuration list for PBXProject "CoolNotes" */;
			compatibilityVersion = "Xcode 3.2";
			developmentRegion = English;
			hasScannedForEncodings = 0;
			knownRegions = (
				en,
				Base,
			);
			mainGroup = 9B1F6DC81E946D5A0016DCA8;
			productRefGroup = 9B1F6DD21E946D5A0016DCA8 /* Products */;
			projectDirPath = "";
			projectRoot = "";
			targets = (
				9B1F6DD01E946D5A0016DCA8 /* CoolNotes */,
			);
		};
/* End PBXProject section */

/* Begin PBXResourcesBuildPhase section */
		9B1F6DCF1E946D5A0016DCA8 /* Resources */ = {
			isa = PBXResourcesBuildPhase;
			buildActionMask = 2147483647;
			files = (
				9B1F6DDF1E946D5B0016DCA8 /* LaunchScreen.storyboard in Resources */,
				9B1F6DDC1E946D5B0016DCA8 /* Assets.xcassets in Resources */,
				9B1F6DDA1E946D5B0016DCA8 /* Main.storyboard in Resources */,
			);
			runOnlyForDeploymentPostprocessing = 0;
		};
/* End PBXResourcesBuildPhase section */

/* Begin PBXSourcesBuildPhase section */
		9B1F6DCD1E946D5A0016DCA8 /* Sources */ = {
			isa = PBXSourcesBuildPhase;
			buildActionMask = 2147483647;
			files = (
				9B1F6DD71E946D5A0016DCA8 /* ViewController.swift in Sources */,
				9BA5664F1E97C3F2000376ED /* NotebooksViewController.swift in Sources */,
				9BA566511E980AE6000376ED /* NotesViewController.swift in Sources */,
				9B39B4AD1E96DB1900ADEA28 /* Note+CoreDataProperties.swift in Sources */,
				9B39B4AC1E96DB1900ADEA28 /* Note+CoreDataClass.swift in Sources */,
				9B39B4AA1E96DB1900ADEA28 /* Notebook+CoreDataClass.swift in Sources */,
				9B39B4AB1E96DB1900ADEA28 /* Notebook+CoreDataProperties.swift in Sources */,
				9B1F6DD51E946D5A0016DCA8 /* AppDelegate.swift in Sources */,
				9B1F6DE81E946DDC0016DCA8 /* Model.xcdatamodeld in Sources */,
				9B39B48F1E96C7E400ADEA28 /* CoreDataStack.swift in Sources */,
				9BA5664D1E97B6DD000376ED /* CoreDataTableViewController.swift in Sources */,
			);
			runOnlyForDeploymentPostprocessing = 0;
		};
/* End PBXSourcesBuildPhase section */

/* Begin PBXVariantGroup section */
		9B1F6DD81E946D5B0016DCA8 /* Main.storyboard */ = {
			isa = PBXVariantGroup;
			children = (
				9B1F6DD91E946D5B0016DCA8 /* Base */,
			);
			name = Main.storyboard;
			sourceTree = "<group>";
		};
		9B1F6DDD1E946D5B0016DCA8 /* LaunchScreen.storyboard */ = {
			isa = PBXVariantGroup;
			children = (
				9B1F6DDE1E946D5B0016DCA8 /* Base */,
			);
			name = LaunchScreen.storyboard;
			sourceTree = "<group>";
		};
/* End PBXVariantGroup section */

/* Begin XCBuildConfiguration section */
		9B1F6DE11E946D5B0016DCA8 /* Debug */ = {
			isa = XCBuildConfiguration;
			buildSettings = {
				ALWAYS_SEARCH_USER_PATHS = NO;
				CLANG_ANALYZER_NONNULL = YES;
				CLANG_ANALYZER_NUMBER_OBJECT_CONVERSION = YES_AGGRESSIVE;
				CLANG_CXX_LANGUAGE_STANDARD = "gnu++0x";
				CLANG_CXX_LIBRARY = "libc++";
				CLANG_ENABLE_MODULES = YES;
				CLANG_ENABLE_OBJC_ARC = YES;
				CLANG_WARN_BOOL_CONVERSION = YES;
				CLANG_WARN_CONSTANT_CONVERSION = YES;
				CLANG_WARN_DIRECT_OBJC_ISA_USAGE = YES_ERROR;
				CLANG_WARN_DOCUMENTATION_COMMENTS = YES;
				CLANG_WARN_EMPTY_BODY = YES;
				CLANG_WARN_ENUM_CONVERSION = YES;
				CLANG_WARN_INFINITE_RECURSION = YES;
				CLANG_WARN_INT_CONVERSION = YES;
				CLANG_WARN_OBJC_ROOT_CLASS = YES_ERROR;
				CLANG_WARN_SUSPICIOUS_MOVE = YES;
				CLANG_WARN_UNREACHABLE_CODE = YES;
				CLANG_WARN__DUPLICATE_METHOD_MATCH = YES;
				"CODE_SIGN_IDENTITY[sdk=iphoneos*]" = "iPhone Developer";
				COPY_PHASE_STRIP = NO;
				DEBUG_INFORMATION_FORMAT = dwarf;
				ENABLE_STRICT_OBJC_MSGSEND = YES;
				ENABLE_TESTABILITY = YES;
				GCC_C_LANGUAGE_STANDARD = gnu99;
				GCC_DYNAMIC_NO_PIC = NO;
				GCC_NO_COMMON_BLOCKS = YES;
				GCC_OPTIMIZATION_LEVEL = 0;
				GCC_PREPROCESSOR_DEFINITIONS = (
					"DEBUG=1",
					"$(inherited)",
				);
				GCC_WARN_64_TO_32_BIT_CONVERSION = YES;
				GCC_WARN_ABOUT_RETURN_TYPE = YES_ERROR;
				GCC_WARN_UNDECLARED_SELECTOR = YES;
				GCC_WARN_UNINITIALIZED_AUTOS = YES_AGGRESSIVE;
				GCC_WARN_UNUSED_FUNCTION = YES;
				GCC_WARN_UNUSED_VARIABLE = YES;
				IPHONEOS_DEPLOYMENT_TARGET = 10.3;
				MTL_ENABLE_DEBUG_INFO = YES;
				ONLY_ACTIVE_ARCH = YES;
				SDKROOT = iphoneos;
				SWIFT_ACTIVE_COMPILATION_CONDITIONS = DEBUG;
				SWIFT_OPTIMIZATION_LEVEL = "-Onone";
				TARGETED_DEVICE_FAMILY = "1,2";
			};
			name = Debug;
		};
		9B1F6DE21E946D5B0016DCA8 /* Release */ = {
			isa = XCBuildConfiguration;
			buildSettings = {
				ALWAYS_SEARCH_USER_PATHS = NO;
				CLANG_ANALYZER_NONNULL = YES;
				CLANG_ANALYZER_NUMBER_OBJECT_CONVERSION = YES_AGGRESSIVE;
				CLANG_CXX_LANGUAGE_STANDARD = "gnu++0x";
				CLANG_CXX_LIBRARY = "libc++";
				CLANG_ENABLE_MODULES = YES;
				CLANG_ENABLE_OBJC_ARC = YES;
				CLANG_WARN_BOOL_CONVERSION = YES;
				CLANG_WARN_CONSTANT_CONVERSION = YES;
				CLANG_WARN_DIRECT_OBJC_ISA_USAGE = YES_ERROR;
				CLANG_WARN_DOCUMENTATION_COMMENTS = YES;
				CLANG_WARN_EMPTY_BODY = YES;
				CLANG_WARN_ENUM_CONVERSION = YES;
				CLANG_WARN_INFINITE_RECURSION = YES;
				CLANG_WARN_INT_CONVERSION = YES;
				CLANG_WARN_OBJC_ROOT_CLASS = YES_ERROR;
				CLANG_WARN_SUSPICIOUS_MOVE = YES;
				CLANG_WARN_UNREACHABLE_CODE = YES;
				CLANG_WARN__DUPLICATE_METHOD_MATCH = YES;
				"CODE_SIGN_IDENTITY[sdk=iphoneos*]" = "iPhone Developer";
				COPY_PHASE_STRIP = NO;
				DEBUG_INFORMATION_FORMAT = "dwarf-with-dsym";
				ENABLE_NS_ASSERTIONS = NO;
				ENABLE_STRICT_OBJC_MSGSEND = YES;
				GCC_C_LANGUAGE_STANDARD = gnu99;
				GCC_NO_COMMON_BLOCKS = YES;
				GCC_WARN_64_TO_32_BIT_CONVERSION = YES;
				GCC_WARN_ABOUT_RETURN_TYPE = YES_ERROR;
				GCC_WARN_UNDECLARED_SELECTOR = YES;
				GCC_WARN_UNINITIALIZED_AUTOS = YES_AGGRESSIVE;
				GCC_WARN_UNUSED_FUNCTION = YES;
				GCC_WARN_UNUSED_VARIABLE = YES;
				IPHONEOS_DEPLOYMENT_TARGET = 10.3;
				MTL_ENABLE_DEBUG_INFO = NO;
				SDKROOT = iphoneos;
				SWIFT_OPTIMIZATION_LEVEL = "-Owholemodule";
				TARGETED_DEVICE_FAMILY = "1,2";
				VALIDATE_PRODUCT = YES;
			};
			name = Release;
		};
		9B1F6DE41E946D5B0016DCA8 /* Debug */ = {
			isa = XCBuildConfiguration;
			buildSettings = {
				ASSETCATALOG_COMPILER_APPICON_NAME = AppIcon;
				DEVELOPMENT_TEAM = P2H472GCNB;
				INFOPLIST_FILE = CoolNotes/Info.plist;
				LD_RUNPATH_SEARCH_PATHS = "$(inherited) @executable_path/Frameworks";
				PRODUCT_BUNDLE_IDENTIFIER = kevinReese.CoolNotes;
				PRODUCT_NAME = "$(TARGET_NAME)";
				SWIFT_VERSION = 3.0;
			};
			name = Debug;
		};
		9B1F6DE51E946D5B0016DCA8 /* Release */ = {
			isa = XCBuildConfiguration;
			buildSettings = {
				ASSETCATALOG_COMPILER_APPICON_NAME = AppIcon;
				DEVELOPMENT_TEAM = P2H472GCNB;
				INFOPLIST_FILE = CoolNotes/Info.plist;
				LD_RUNPATH_SEARCH_PATHS = "$(inherited) @executable_path/Frameworks";
				PRODUCT_BUNDLE_IDENTIFIER = kevinReese.CoolNotes;
				PRODUCT_NAME = "$(TARGET_NAME)";
				SWIFT_VERSION = 3.0;
			};
			name = Release;
		};
/* End XCBuildConfiguration section */

/* Begin XCConfigurationList section */
		9B1F6DCC1E946D5A0016DCA8 /* Build configuration list for PBXProject "CoolNotes" */ = {
			isa = XCConfigurationList;
			buildConfigurations = (
				9B1F6DE11E946D5B0016DCA8 /* Debug */,
				9B1F6DE21E946D5B0016DCA8 /* Release */,
			);
			defaultConfigurationIsVisible = 0;
			defaultConfigurationName = Release;
		};
		9B1F6DE31E946D5B0016DCA8 /* Build configuration list for PBXNativeTarget "CoolNotes" */ = {
			isa = XCConfigurationList;
			buildConfigurations = (
				9B1F6DE41E946D5B0016DCA8 /* Debug */,
				9B1F6DE51E946D5B0016DCA8 /* Release */,
			);
			defaultConfigurationIsVisible = 0;
			defaultConfigurationName = Release;
		};
/* End XCConfigurationList section */

/* Begin XCVersionGroup section */
		9B1F6DE61E946DDC0016DCA8 /* Model.xcdatamodeld */ = {
			isa = XCVersionGroup;
			children = (
				9B1F6DE71E946DDC0016DCA8 /* Model.xcdatamodel */,
			);
			currentVersion = 9B1F6DE71E946DDC0016DCA8 /* Model.xcdatamodel */;
			name = Model.xcdatamodeld;
			path = ../Model.xcdatamodeld;
			sourceTree = "<group>";
			versionGroupType = wrapper.xcdatamodel;
		};
/* End XCVersionGroup section */
	};
	rootObject = 9B1F6DC91E946D5A0016DCA8 /* Project object */;
}
